
Microsoft Visual Studio Solution File, Format Version 12.00
# Visual Studio Version 17
VisualStudioVersion = 17.14.36616.10 d17.14
MinimumVisualStudioVersion = 10.0.40219.1
Project("{8BC9CEB8-8B4A-11D0-8D11-00A0C91BC942}") = "templates", "templates.vcxproj", "{A9802674-7536-4138-A96B-C0D7BDC0FDA7}"
EndProject
Global
	GlobalSection(SolutionConfigurationPlatforms) = preSolution
		Debug|x64 = Debug|x64
		Debug|x86 = Debug|x86
		Release|x64 = Release|x64
		Release|x86 = Release|x86
	EndGlobalSection
	GlobalSection(ProjectConfigurationPlatforms) = postSolution
		{A9802674-7536-4138-A96B-C0D7BDC0FDA7}.Debug|x64.ActiveCfg = Debug|x64
		{A9802674-7536-4138-A96B-C0D7BDC0FDA7}.Debug|x64.Build.0 = Debug|x64
		{A9802674-7536-4138-A96B-C0D7BDC0FDA7}.Debug|x86.ActiveCfg = Debug|Win32
		{A9802674-7536-4138-A96B-C0D7BDC0FDA7}.Debug|x86.Build.0 = Debug|Win32
		{A9802674-7536-4138-A96B-C0D7BDC0FDA7}.Release|x64.ActiveCfg = Release|x64
		{A9802674-7536-4138-A96B-C0D7BDC0FDA7}.Release|x64.Build.0 = Release|x64
		{A9802674-7536-4138-A96B-C0D7BDC0FDA7}.Release|x86.ActiveCfg = Release|Win32
		{A9802674-7536-4138-A96B-C0D7BDC0FDA7}.Release|x86.Build.0 = Release|Win32
	EndGlobalSection
	GlobalSection(SolutionProperties) = preSolution
		HideSolutionNode = FALSE
	EndGlobalSection
	GlobalSection(ExtensibilityGlobals) = postSolution
		SolutionGuid = {FD8C0E46-3561-4B34-B454-F43B2FE86DA7}
	EndGlobalSection
EndGlobal
